
Microsoft Visual Studio Solution File, Format Version 12.00
# Visual Studio Version 17
VisualStudioVersion = 17.6.33829.357
MinimumVisualStudioVersion = 10.0.40219.1
Project("{FAE04EC0-301F-11D3-BF4B-00C04F79EFBC}") = "Assessment03", "Assessment03\Assessment03.csproj", "{A97C69E7-3979-4089-BB3D-E7801074505A}"
EndProject
Global
	GlobalSection(SolutionConfigurationPlatforms) = preSolution
		Debug|Any CPU = Debug|Any CPU
		Release|Any CPU = Release|Any CPU
	EndGlobalSection
	GlobalSection(ProjectConfigurationPlatforms) = postSolution
		{A97C69E7-3979-4089-BB3D-E7801074505A}.Debug|Any CPU.ActiveCfg = Debug|Any CPU
		{A97C69E7-3979-4089-BB3D-E7801074505A}.Debug|Any CPU.Build.0 = Debug|Any CPU
		{A97C69E7-3979-4089-BB3D-E7801074505A}.Release|Any CPU.ActiveCfg = Release|Any CPU
		{A97C69E7-3979-4089-BB3D-E7801074505A}.Release|Any CPU.Build.0 = Release|Any CPU
	EndGlobalSection
	GlobalSection(SolutionProperties) = preSolution
		HideSolutionNode = FALSE
	EndGlobalSection
	GlobalSection(ExtensibilityGlobals) = postSolution
		SolutionGuid = {CEA0A161-E368-44D7-9F51-92C18CE61474}
	EndGlobalSection
EndGlobal
